github.com/frida/frida-go v0.13.0 h1:ocEnnj3+87EXrxRXaFPCCT/WxoDvwFW+wPEFx6IfEEQ=
github.com/frida/frida-go v0.13.0/go.mod h1:O8Dg1YBGfQsBEL1a8x3GURw/JllJrcuvg78ga2OgdM4=
github.com/google/uuid v1.6.0 h1:NIvaJDMOsjHA8n1jAhLSgzrAzy1Hgr+hNrb57e+94F0=
github.com/google/uuid v1.6.0/go.mod h1:TIyPZe4MgqvfeYDBFedMoGGpEw/LqOeaOT+nhxU+yHo=
